
Microsoft Visual Studio Solution File, Format Version 12.00
# Visual Studio Version 17
VisualStudioVersion = 17.10.34916.146
MinimumVisualStudioVersion = 10.0.40219.1
Project("{8BC9CEB8-8B4A-11D0-8D11-00A0C91BC942}") = "MultiThread", "MultiThread\MultiThread.vcxproj", "{BDD08B58-B592-481F-B4FE-A41DC36A5E8A}"
EndProject
Global
	GlobalSection(SolutionConfigurationPlatforms) = preSolution
		Debug|x64 = Debug|x64
		Debug|x86 = Debug|x86
		Release|x64 = Release|x64
		Release|x86 = Release|x86
	EndGlobalSection
	GlobalSection(ProjectConfigurationPlatforms) = postSolution
		{BDD08B58-B592-481F-B4FE-A41DC36A5E8A}.Debug|x64.ActiveCfg = Debug|x64
		{BDD08B58-B592-481F-B4FE-A41DC36A5E8A}.Debug|x64.Build.0 = Debug|x64
		{BDD08B58-B592-481F-B4FE-A41DC36A5E8A}.Debug|x86.ActiveCfg = Debug|Win32
		{BDD08B58-B592-481F-B4FE-A41DC36A5E8A}.Debug|x86.Build.0 = Debug|Win32
		{BDD08B58-B592-481F-B4FE-A41DC36A5E8A}.Release|x64.ActiveCfg = Release|x64
		{BDD08B58-B592-481F-B4FE-A41DC36A5E8A}.Release|x64.Build.0 = Release|x64
		{BDD08B58-B592-481F-B4FE-A41DC36A5E8A}.Release|x86.ActiveCfg = Release|Win32
		{BDD08B58-B592-481F-B4FE-A41DC36A5E8A}.Release|x86.Build.0 = Release|Win32
	EndGlobalSection
	GlobalSection(SolutionProperties) = preSolution
		HideSolutionNode = FALSE
	EndGlobalSection
	GlobalSection(ExtensibilityGlobals) = postSolution
		SolutionGuid = {8530E8F1-A4E1-4D89-84C4-294DBE837C57}
	EndGlobalSection
EndGlobal
